
Microsoft Visual Studio Solution File, Format Version 12.00
# Visual Studio Version 17
VisualStudioVersion = 17.3.32819.101
MinimumVisualStudioVersion = 10.0.40219.1
Project("{FAE04EC0-301F-11D3-BF4B-00C04F79EFBC}") = "Sprint_0", "Sprint_0\Sprint_0.csproj", "{54A1E2DF-7ED2-4D77-8F79-169556815758}"
EndProject
Global
	GlobalSection(SolutionConfigurationPlatforms) = preSolution
		Debug|Any CPU = Debug|Any CPU
		Release|Any CPU = Release|Any CPU
	EndGlobalSection
	GlobalSection(ProjectConfigurationPlatforms) = postSolution
		{54A1E2DF-7ED2-4D77-8F79-169556815758}.Debug|Any CPU.ActiveCfg = Debug|Any CPU
		{54A1E2DF-7ED2-4D77-8F79-169556815758}.Debug|Any CPU.Build.0 = Debug|Any CPU
		{54A1E2DF-7ED2-4D77-8F79-169556815758}.Release|Any CPU.ActiveCfg = Release|Any CPU
		{54A1E2DF-7ED2-4D77-8F79-169556815758}.Release|Any CPU.Build.0 = Release|Any CPU
	EndGlobalSection
	GlobalSection(SolutionProperties) = preSolution
		HideSolutionNode = FALSE
	EndGlobalSection
	GlobalSection(ExtensibilityGlobals) = postSolution
		SolutionGuid = {A47E55C8-A284-418E-9698-ABF43B56E9E1}
	EndGlobalSection
EndGlobal
